
Microsoft Visual Studio Solution File, Format Version 12.00
# Visual Studio Version 17
VisualStudioVersion = 17.4.33205.214
MinimumVisualStudioVersion = 10.0.40219.1
Project("{FAE04EC0-301F-11D3-BF4B-00C04F79EFBC}") = "NorthWindPractica.UI", "NorthWindPractica.UI\NorthWindPractica.UI.csproj", "{979B42C1-A88A-4D86-9F70-087727D18A28}"
EndProject
Project("{FAE04EC0-301F-11D3-BF4B-00C04F79EFBC}") = "NorthWindPractica.Service", "NorthWindPractica.Service\NorthWindPractica.Service.csproj", "{DF9049A7-584E-4BE3-AB6D-0A9A2CA1A604}"
EndProject
Project("{FAE04EC0-301F-11D3-BF4B-00C04F79EFBC}") = "NorthWindPractica.Logic", "NorthWindPractica.Logic\NorthWindPractica.Logic.csproj", "{47F7AA5A-5586-4432-BBB1-57CFE4A13D66}"
EndProject
Project("{FAE04EC0-301F-11D3-BF4B-00C04F79EFBC}") = "NorthWindPractica.Entities", "NorthWindPractica.Entities\NorthWindPractica.Entities.csproj", "{66FDC20A-F95F-46E8-878C-7D808CDEA480}"
EndProject
Project("{FAE04EC0-301F-11D3-BF4B-00C04F79EFBC}") = "NorthWindPractica.Data", "NorthWindPractica.Data\NorthWindPractica.Data.csproj", "{4F6A5925-2448-48B4-B5CE-D7513F16C6A6}"
EndProject
Global
	GlobalSection(SolutionConfigurationPlatforms) = preSolution
		Debug|Any CPU = Debug|Any CPU
		Release|Any CPU = Release|Any CPU
	EndGlobalSection
	GlobalSection(ProjectConfigurationPlatforms) = postSolution
		{979B42C1-A88A-4D86-9F70-087727D18A28}.Debug|Any CPU.ActiveCfg = Debug|Any CPU
		{979B42C1-A88A-4D86-9F70-087727D18A28}.Debug|Any CPU.Build.0 = Debug|Any CPU
		{979B42C1-A88A-4D86-9F70-087727D18A28}.Release|Any CPU.ActiveCfg = Release|Any CPU
		{979B42C1-A88A-4D86-9F70-087727D18A28}.Release|Any CPU.Build.0 = Release|Any CPU
		{DF9049A7-584E-4BE3-AB6D-0A9A2CA1A604}.Debug|Any CPU.ActiveCfg = Debug|Any CPU
		{DF9049A7-584E-4BE3-AB6D-0A9A2CA1A604}.Debug|Any CPU.Build.0 = Debug|Any CPU
		{DF9049A7-584E-4BE3-AB6D-0A9A2CA1A604}.Release|Any CPU.ActiveCfg = Release|Any CPU
		{DF9049A7-584E-4BE3-AB6D-0A9A2CA1A604}.Release|Any CPU.Build.0 = Release|Any CPU
		{47F7AA5A-5586-4432-BBB1-57CFE4A13D66}.Debug|Any CPU.ActiveCfg = Debug|Any CPU
		{47F7AA5A-5586-4432-BBB1-57CFE4A13D66}.Debug|Any CPU.Build.0 = Debug|Any CPU
		{47F7AA5A-5586-4432-BBB1-57CFE4A13D66}.Release|Any CPU.ActiveCfg = Release|Any CPU
		{47F7AA5A-5586-4432-BBB1-57CFE4A13D66}.Release|Any CPU.Build.0 = Release|Any CPU
		{66FDC20A-F95F-46E8-878C-7D808CDEA480}.Debug|Any CPU.ActiveCfg = Debug|Any CPU
		{66FDC20A-F95F-46E8-878C-7D808CDEA480}.Debug|Any CPU.Build.0 = Debug|Any CPU
		{66FDC20A-F95F-46E8-878C-7D808CDEA480}.Release|Any CPU.ActiveCfg = Release|Any CPU
		{66FDC20A-F95F-46E8-878C-7D808CDEA480}.Release|Any CPU.Build.0 = Release|Any CPU
		{4F6A5925-2448-48B4-B5CE-D7513F16C6A6}.Debug|Any CPU.ActiveCfg = Debug|Any CPU
		{4F6A5925-2448-48B4-B5CE-D7513F16C6A6}.Debug|Any CPU.Build.0 = Debug|Any CPU
		{4F6A5925-2448-48B4-B5CE-D7513F16C6A6}.Release|Any CPU.ActiveCfg = Release|Any CPU
		{4F6A5925-2448-48B4-B5CE-D7513F16C6A6}.Release|Any CPU.Build.0 = Release|Any CPU
	EndGlobalSection
	GlobalSection(SolutionProperties) = preSolution
		HideSolutionNode = FALSE
	EndGlobalSection
	GlobalSection(ExtensibilityGlobals) = postSolution
		SolutionGuid = {22EB8878-C9B1-4003-A50F-7597B2C3C918}
	EndGlobalSection
EndGlobal
